{
  "name": "@typedly/listeners",
  "version": "4.0.0",
  "lockfileVersion": 3,
  "requires": true,
  "packages": {
    "": {
      "name": "@typedly/listeners",
      "version": "4.0.0",
      "funding": [
        {
          "type": "stripe",
          "url": "https://donate.stripe.com/dR614hfDZcJE3wAcMM"
        },
        {
          "type": "revolut",
          "url": "https://checkout.revolut.com/pay/048b10a3-0e10-42c8-a917-e3e9cb4c8e29"
        }
      ],
      "license": "MIT",
      "peerDependencies": {
        "@typedly/collection": "^6.0.0"
      }
    },
    "node_modules/@typedly/adaptable-data": {
      "version": "4.1.0",
      "resolved": "https://registry.npmjs.org/@typedly/adaptable-data/-/adaptable-data-4.1.0.tgz",
      "integrity": "sha512-5tXeCzoYuZrm/9e+TTznHmtSe5tJlgNM1bIJHWkqTs2ydo+mRA7jp4JP+gcA6JhoJ3jhQjUZxL0t0h/ZlFPoFQ==",
      "funding": [
        {
          "type": "stripe",
          "url": "https://donate.stripe.com/dR614hfDZcJE3wAcMM"
        },
        {
          "type": "Donorbox",
          "url": "https://donorbox.org/become-a-sponsor-to-the-angular-package?default_interval=once&amount=1"
        },
        {
          "type": "Open Collective",
          "url": "https://opencollective.com/sterblack"
        },
        {
          "type": "Ko-fi",
          "url": "https://ko-fi.com/sterblack"
        },
        {
          "type": "4Fund",
          "url": "https://4fund.com/bruubs"
        },
        {
          "type": "paypal",
          "url": "https://paypal.me/sterblack"
        },
        {
          "type": "individual",
          "url": "https://checkout.revolut.com/pay/048b10a3-0e10-42c8-a917-e3e9cb4c8e29"
        }
      ],
      "license": "MIT",
      "peer": true,
      "peerDependencies": {
        "@typedly/configurable-data": "^4.1.0",
        "@typedly/data": "^6.0.0",
        "@typedly/data-adapter": "^4.1.0",
        "@typedly/data-traits": "^2.0.0"
      }
    },
    "node_modules/@typedly/collection": {
      "version": "6.0.0",
      "resolved": "https://registry.npmjs.org/@typedly/collection/-/collection-6.0.0.tgz",
      "integrity": "sha512-F92u5/bboIpXsoJBiXm3LcB6lGvT5zzIhNjFiCXen1bsEOE42bBZZOUw33Cx9Kyuy8hTQbWwl370ujZoFv8nzQ==",
      "funding": [
        {
          "type": "stripe",
          "url": "https://donate.stripe.com/dR614hfDZcJE3wAcMM"
        },
        {
          "type": "Donorbox",
          "url": "https://donorbox.org/become-a-sponsor-to-the-angular-package?default_interval=o"
        },
        {
          "type": "Open Collective",
          "url": "https://opencollective.com/sterblack"
        },
        {
          "type": "Ko-fi",
          "url": "https://ko-fi.com/sterblack"
        },
        {
          "type": "4Fund",
          "url": "https://4fund.com/bruubs"
        },
        {
          "type": "paypal",
          "url": "https://paypal.me/sterblack"
        },
        {
          "type": "individual",
          "url": "https://checkout.revolut.com/pay/048b10a3-0e10-42c8-a917-e3e9cb4c8e29"
        }
      ],
      "license": "MIT",
      "peer": true,
      "peerDependencies": {
        "@typedly/adaptable-data": "^4.1.0"
      }
    },
    "node_modules/@typedly/configurable-data": {
      "version": "4.1.0",
      "resolved": "https://registry.npmjs.org/@typedly/configurable-data/-/configurable-data-4.1.0.tgz",
      "integrity": "sha512-aIGhGk9dKTnHRD836wVjvTmh9E6zThn5uqfiiZ8nHYp+9DCcNXQoOqIjCDfFYeP3BoYaNEfyn38fD1FcG632zQ==",
      "funding": [
        {
          "type": "stripe",
          "url": "https://donate.stripe.com/dR614hfDZcJE3wAcMM"
        },
        {
          "type": "Donorbox",
          "url": "https://donorbox.org/become-a-sponsor-to-the-angular-package?default_interval=once&amount=1"
        },
        {
          "type": "Open Collective",
          "url": "https://opencollective.com/sterblack"
        },
        {
          "type": "Ko-fi",
          "url": "https://ko-fi.com/sterblack"
        },
        {
          "type": "4Fund",
          "url": "https://4fund.com/bruubs"
        },
        {
          "type": "paypal",
          "url": "https://paypal.me/sterblack"
        },
        {
          "type": "individual",
          "url": "https://checkout.revolut.com/pay/048b10a3-0e10-42c8-a917-e3e9cb4c8e29"
        }
      ],
      "license": "MIT",
      "peer": true,
      "peerDependencies": {
        "@typedly/data": "^6.0.0",
        "@typedly/data-traits": "^2.0.0"
      }
    },
    "node_modules/@typedly/constructor": {
      "version": "1.0.0",
      "resolved": "https://registry.npmjs.org/@typedly/constructor/-/constructor-1.0.0.tgz",
      "integrity": "sha512-MFww4huWIfRpPjr2Gz001XKdYzfTe3tW94+EzXKwhiqnwrPApOazpjM5NG8GYP9etKUlmAqVIFEc0xclSwfRDg==",
      "funding": [
        {
          "type": "stripe",
          "url": "https://donate.stripe.com/dR614hfDZcJE3wAcMM"
        },
        {
          "type": "revolut",
          "url": "https://checkout.revolut.com/pay/048b10a3-0e10-42c8-a917-e3e9cb4c8e29"
        }
      ],
      "license": "MIT",
      "peer": true
    },
    "node_modules/@typedly/data": {
      "version": "6.0.0",
      "resolved": "https://registry.npmjs.org/@typedly/data/-/data-6.0.0.tgz",
      "integrity": "sha512-Dyp2BmrV9jNTEwXInyGWJv87FxLPMgkTU+cXNWlMKpR8Q7Qp5LDYrvNnkcA8BKTZ+1PdsdMtjJyKafgbdyHfUA==",
      "funding": [
        {
          "type": "stripe",
          "url": "https://donate.stripe.com/dR614hfDZcJE3wAcMM"
        },
        {
          "type": "Donorbox",
          "url": "https://donorbox.org/become-a-sponsor-to-the-angular-package?default_interval=once&amount=1"
        },
        {
          "type": "Open Collective",
          "url": "https://opencollective.com/sterblack"
        },
        {
          "type": "Ko-fi",
          "url": "https://ko-fi.com/sterblack"
        },
        {
          "type": "4Fund",
          "url": "https://4fund.com/bruubs"
        },
        {
          "type": "paypal",
          "url": "https://paypal.me/sterblack"
        },
        {
          "type": "individual",
          "url": "https://checkout.revolut.com/pay/048b10a3-0e10-42c8-a917-e3e9cb4c8e29"
        }
      ],
      "license": "MIT",
      "peer": true,
      "peerDependencies": {
        "@typedly/constructor": "^1.0.0"
      }
    },
    "node_modules/@typedly/data-adapter": {
      "version": "4.1.0",
      "resolved": "https://registry.npmjs.org/@typedly/data-adapter/-/data-adapter-4.1.0.tgz",
      "integrity": "sha512-B9dyCkUWV9sZ/qZ4go421gMr/ZAAnPlpGWD7waUdYel2Vg15Aj7igX033Uxwr2HQefo+dO3YjetrmKBVnh6jPA==",
      "funding": [
        {
          "type": "stripe",
          "url": "https://donate.stripe.com/dR614hfDZcJE3wAcMM"
        },
        {
          "type": "Donorbox",
          "url": "https://donorbox.org/become-a-sponsor-to-the-angular-package?default_interval=once&amount=1"
        },
        {
          "type": "Open Collective",
          "url": "https://opencollective.com/sterblack"
        },
        {
          "type": "Ko-fi",
          "url": "https://ko-fi.com/sterblack"
        },
        {
          "type": "4Fund",
          "url": "https://4fund.com/bruubs"
        },
        {
          "type": "paypal",
          "url": "https://paypal.me/sterblack"
        },
        {
          "type": "individual",
          "url": "https://checkout.revolut.com/pay/048b10a3-0e10-42c8-a917-e3e9cb4c8e29"
        }
      ],
      "license": "MIT",
      "peer": true,
      "peerDependencies": {
        "@typedly/configurable-data": "^4.1.0",
        "@typedly/data": "^6.0.0",
        "@typedly/data-traits": "^2.0.0"
      }
    },
    "node_modules/@typedly/data-traits": {
      "version": "2.0.0",
      "resolved": "https://registry.npmjs.org/@typedly/data-traits/-/data-traits-2.0.0.tgz",
      "integrity": "sha512-8wUhOocR6tghkNnenj5AGdEglpRn58ZwXBD01OPhHi1juZPMK1+f/4jB+7tQe7c2K+RNthYjHaYep/fZTUlneA==",
      "funding": [
        {
          "type": "stripe",
          "url": "https://donate.stripe.com/dR614hfDZcJE3wAcMM"
        },
        {
          "type": "Donorbox",
          "url": "https://donorbox.org/become-a-sponsor-to-the-angular-package?default_interval=once&amount=1"
        },
        {
          "type": "Open Collective",
          "url": "https://opencollective.com/sterblack"
        },
        {
          "type": "Ko-fi",
          "url": "https://ko-fi.com/sterblack"
        },
        {
          "type": "4Fund",
          "url": "https://4fund.com/bruubs"
        },
        {
          "type": "paypal",
          "url": "https://paypal.me/sterblack"
        },
        {
          "type": "individual",
          "url": "https://checkout.revolut.com/pay/048b10a3-0e10-42c8-a917-e3e9cb4c8e29"
        }
      ],
      "license": "MIT",
      "peer": true
    }
  }
}
